
Microsoft Visual Studio Solution File, Format Version 12.00
# Visual Studio 15
VisualStudioVersion = 15.0.28307.539
MinimumVisualStudioVersion = 10.0.40219.1
Project("{FAE04EC0-301F-11D3-BF4B-00C04F79EFBC}") = "Akida_Backend", "Akida_Backend\Akida_Backend.csproj", "{C01D5C0E-0E34-4E8A-9FC3-9EC332397683}"
EndProject
Global
	GlobalSection(SolutionConfigurationPlatforms) = preSolution
		Debug|Any CPU = Debug|Any CPU
		Release|Any CPU = Release|Any CPU
	EndGlobalSection
	GlobalSection(ProjectConfigurationPlatforms) = postSolution
		{C01D5C0E-0E34-4E8A-9FC3-9EC332397683}.Debug|Any CPU.ActiveCfg = Debug|Any CPU
		{C01D5C0E-0E34-4E8A-9FC3-9EC332397683}.Debug|Any CPU.Build.0 = Debug|Any CPU
		{C01D5C0E-0E34-4E8A-9FC3-9EC332397683}.Release|Any CPU.ActiveCfg = Release|Any CPU
		{C01D5C0E-0E34-4E8A-9FC3-9EC332397683}.Release|Any CPU.Build.0 = Release|Any CPU
	EndGlobalSection
	GlobalSection(SolutionProperties) = preSolution
		HideSolutionNode = FALSE
	EndGlobalSection
	GlobalSection(ExtensibilityGlobals) = postSolution
		SolutionGuid = {5EE2BA03-C305-4FEE-BAC2-A19D5E3FF593}
	EndGlobalSection
EndGlobal
